{
    "_meta": {
        "hash": {
            "sha256": "7273c51ad6af25d8069b704d3348b1d0d9887bfd8d5815ee27190379e1d77b2e"
        },
        "pipfile-spec": 6,
        "requires": {
            "python_version": "3.9"
        },
        "sources": [
            {
                "name": "pypi",
                "url": "https://pypi.org/simple",
                "verify_ssl": true
            }
        ]
    },
    "default": {
        "aiogram": {
            "hashes": [
                "sha256:2f3259fcf7598a166aace022768a77be8ab732971f54e08a3b828a896cfe2bad",
                "sha256:8ce2886c6c74a35f7a75fb6422af53914aa9c1b7d7032de8d58a3f411349700d"
            ],
            "index": "pypi",
            "version": "==2.14.3"
        },
        "aiohttp": {
            "hashes": [
                "sha256:02f46fc0e3c5ac58b80d4d56eb0a7c7d97fcef69ace9326289fb9f1955e65cfe",
                "sha256:0563c1b3826945eecd62186f3f5c7d31abb7391fedc893b7e2b26303b5a9f3fe",
                "sha256:114b281e4d68302a324dd33abb04778e8557d88947875cbf4e842c2c01a030c5",
                "sha256:14762875b22d0055f05d12abc7f7d61d5fd4fe4642ce1a249abdf8c700bf1fd8",
                "sha256:15492a6368d985b76a2a5fdd2166cddfea5d24e69eefed4630cbaae5c81d89bd",
                "sha256:17c073de315745a1510393a96e680d20af8e67e324f70b42accbd4cb3315c9fb",
                "sha256:209b4a8ee987eccc91e2bd3ac36adee0e53a5970b8ac52c273f7f8fd4872c94c",
                "sha256:230a8f7e24298dea47659251abc0fd8b3c4e38a664c59d4b89cca7f6c09c9e87",
                "sha256:2e19413bf84934d651344783c9f5e22dee452e251cfd220ebadbed2d9931dbf0",
                "sha256:393f389841e8f2dfc86f774ad22f00923fdee66d238af89b70ea314c4aefd290",
                "sha256:3cf75f7cdc2397ed4442594b935a11ed5569961333d49b7539ea741be2cc79d5",
                "sha256:3d78619672183be860b96ed96f533046ec97ca067fd46ac1f6a09cd9b7484287",
                "sha256:40eced07f07a9e60e825554a31f923e8d3997cfc7fb31dbc1328c70826e04cde",
                "sha256:493d3299ebe5f5a7c66b9819eacdcfbbaaf1a8e84911ddffcdc48888497afecf",
                "sha256:4b302b45040890cea949ad092479e01ba25911a15e648429c7c5aae9650c67a8",
                "sha256:515dfef7f869a0feb2afee66b957cc7bbe9ad0cdee45aec7fdc623f4ecd4fb16",
                "sha256:547da6cacac20666422d4882cfcd51298d45f7ccb60a04ec27424d2f36ba3eaf",
                "sha256:5df68496d19f849921f05f14f31bd6ef53ad4b00245da3195048c69934521809",
                "sha256:64322071e046020e8797117b3658b9c2f80e3267daec409b350b6a7a05041213",
                "sha256:7615dab56bb07bff74bc865307aeb89a8bfd9941d2ef9d817b9436da3a0ea54f",
                "sha256:79ebfc238612123a713a457d92afb4096e2148be17df6c50fb9bf7a81c2f8013",
                "sha256:7b18b97cf8ee5452fa5f4e3af95d01d84d86d32c5e2bfa260cf041749d66360b",
                "sha256:932bb1ea39a54e9ea27fc9232163059a0b8855256f4052e776357ad9add6f1c9",
                "sha256:a00bb73540af068ca7390e636c01cbc4f644961896fa9363154ff43fd37af2f5",
                "sha256:a5ca29ee66f8343ed336816c553e82d6cade48a3ad702b9ffa6125d187e2dedb",
                "sha256:af9aa9ef5ba1fd5b8c948bb11f44891968ab30356d65fd0cc6707d989cd521df",
                "sha256:bb437315738aa441251214dad17428cafda9cdc9729499f1d6001748e1d432f4",
                "sha256:bdb230b4943891321e06fc7def63c7aace16095be7d9cf3b1e01be2f10fba439",
                "sha256:c6e9dcb4cb338d91a73f178d866d051efe7c62a7166653a91e7d9fb18274058f",
                "sha256:cffe3ab27871bc3ea47df5d8f7013945712c46a3cc5a95b6bee15887f1675c22",
                "sha256:d012ad7911653a906425d8473a1465caa9f8dea7fcf07b6d870397b774ea7c0f",
                "sha256:d9e13b33afd39ddeb377eff2c1c4f00544e191e1d1dee5b6c51ddee8ea6f0cf5",
                "sha256:e4b2b334e68b18ac9817d828ba44d8fcb391f6acb398bcc5062b14b2cbeac970",
                "sha256:e54962802d4b8b18b6207d4a927032826af39395a3bd9196a5af43fc4e60b009",
                "sha256:f705e12750171c0ab4ef2a3c76b9a4024a62c4103e3a55dd6f99265b9bc6fcfc",
                "sha256:f881853d2643a29e643609da57b96d5f9c9b93f62429dcc1cbb413c7d07f0e1a",
                "sha256:fe60131d21b31fd1a14bd43e6bb88256f69dfc3188b3a89d736d6c71ed43ec95"
            ],
            "markers": "python_version >= '3.6'",
            "version": "==3.7.4.post0"
        },
        "astroid": {
            "hashes": [
                "sha256:3975a0bd5373bdce166e60c851cfcbaf21ee96de80ec518c1f4cb3e94c3fb334",
                "sha256:ab7f36e8a78b8e54a62028ba6beef7561db4cdb6f2a5009ecc44a6f42b5697ef"
            ],
            "markers": "python_version ~= '3.6'",
            "version": "==2.6.6"
        },
        "async-timeout": {
            "hashes": [
                "sha256:0c3c816a028d47f659d6ff5c745cb2acf1f966da1fe5c19c77a70282b25f4c5f",
                "sha256:4291ca197d287d274d0b6cb5d6f8f8f82d434ed288f962539ff18cc9012f9ea3"
            ],
            "markers": "python_full_version >= '3.5.3'",
            "version": "==3.0.1"
        },
        "attrs": {
            "hashes": [
                "sha256:149e90d6d8ac20db7a955ad60cf0e6881a3f20d37096140088356da6c716b0b1",
                "sha256:ef6aaac3ca6cd92904cdd0d83f629a15f18053ec84e6432106f7a4d04ae4f5fb"
            ],
            "markers": "python_version >= '2.7' and python_version not in '3.0, 3.1, 3.2, 3.3, 3.4'",
            "version": "==21.2.0"
        },
        "babel": {
            "hashes": [
                "sha256:ab49e12b91d937cd11f0b67cb259a57ab4ad2b59ac7a3b41d6c06c0ac5b0def9",
                "sha256:bc0c176f9f6a994582230df350aa6e05ba2ebe4b3ac317eab29d9be5d2768da0"
            ],
            "markers": "python_version >= '2.7' and python_version not in '3.0, 3.1, 3.2, 3.3'",
            "version": "==2.9.1"
        },
        "beautifulsoup4": {
            "hashes": [
                "sha256:4c98143716ef1cb40bf7f39a8e3eec8f8b009509e74904ba3a7b315431577e35",
                "sha256:84729e322ad1d5b4d25f805bfa05b902dd96450f43842c4e99067d5e1369eb25",
                "sha256:fff47e031e34ec82bf17e00da8f592fe7de69aeea38be00523c04623c04fb666"
            ],
            "index": "pypi",
            "version": "==4.9.3"
        },
        "certifi": {
            "hashes": [
                "sha256:2bbf76fd432960138b3ef6dda3dde0544f27cbf8546c458e60baf371917ba9ee",
                "sha256:50b1e4f8446b06f41be7dd6338db18e0990601dce795c2b1686458aa7e8fa7d8"
            ],
            "version": "==2021.5.30"
        },
        "chardet": {
            "hashes": [
                "sha256:0d6f53a15db4120f2b08c94f11e7d93d2c911ee118b6b30a04ec3ee8310179fa",
                "sha256:f864054d66fd9118f2e67044ac8981a54775ec5b67aed0441892edb553d21da5"
            ],
            "markers": "python_version >= '2.7' and python_version not in '3.0, 3.1, 3.2, 3.3, 3.4'",
            "version": "==4.0.0"
        },
        "colorama": {
            "hashes": [
                "sha256:5941b2b48a20143d2267e95b1c2a7603ce057ee39fd88e7329b0c292aa16869b",
                "sha256:9f47eda37229f68eee03b24b9748937c7dc3868f906e8ba69fbcbdd3bc5dc3e2"
            ],
            "markers": "sys_platform == 'win32'",
            "version": "==0.4.4"
        },
        "environs": {
            "hashes": [
                "sha256:72b867ff7b553076cdd90f3ee01ecc1cf854987639c9c459f0ed0d3d44ae490c",
                "sha256:ee5466156b50fe03aa9fec6e720feea577b5bf515d7f21b2c46608272557ba26"
            ],
            "index": "pypi",
            "version": "==9.3.3"
        },
        "greenlet": {
            "hashes": [
                "sha256:04e1849c88aa56584d4a0a6e36af5ec7cc37993fdc1fda72b56aa1394a92ded3",
                "sha256:05e72db813c28906cdc59bd0da7c325d9b82aa0b0543014059c34c8c4ad20e16",
                "sha256:07e6d88242e09b399682b39f8dfa1e7e6eca66b305de1ff74ed9eb1a7d8e539c",
                "sha256:090126004c8ab9cd0787e2acf63d79e80ab41a18f57d6448225bbfcba475034f",
                "sha256:1796f2c283faab2b71c67e9b9aefb3f201fdfbee5cb55001f5ffce9125f63a45",
                "sha256:2f89d74b4f423e756a018832cd7a0a571e0a31b9ca59323b77ce5f15a437629b",
                "sha256:34e6675167a238bede724ee60fe0550709e95adaff6a36bcc97006c365290384",
                "sha256:3e594015a2349ec6dcceda9aca29da8dc89e85b56825b7d1f138a3f6bb79dd4c",
                "sha256:3f8fc59bc5d64fa41f58b0029794f474223693fd00016b29f4e176b3ee2cfd9f",
                "sha256:3fc6a447735749d651d8919da49aab03c434a300e9f0af1c886d560405840fd1",
                "sha256:40abb7fec4f6294225d2b5464bb6d9552050ded14a7516588d6f010e7e366dcc",
                "sha256:44556302c0ab376e37939fd0058e1f0db2e769580d340fb03b01678d1ff25f68",
                "sha256:476ba9435afaead4382fbab8f1882f75e3fb2285c35c9285abb3dd30237f9142",
                "sha256:4870b018ca685ff573edd56b93f00a122f279640732bb52ce3a62b73ee5c4a92",
                "sha256:4adaf53ace289ced90797d92d767d37e7cdc29f13bd3830c3f0a561277a4ae83",
                "sha256:4eae94de9924bbb4d24960185363e614b1b62ff797c23dc3c8a7c75bbb8d187e",
                "sha256:5317701c7ce167205c0569c10abc4bd01c7f4cf93f642c39f2ce975fa9b78a3c",
                "sha256:5c3b735ccf8fc8048664ee415f8af5a3a018cc92010a0d7195395059b4b39b7d",
                "sha256:5cde7ee190196cbdc078511f4df0be367af85636b84d8be32230f4871b960687",
                "sha256:655ab836324a473d4cd8cf231a2d6f283ed71ed77037679da554e38e606a7117",
                "sha256:6ce9d0784c3c79f3e5c5c9c9517bbb6c7e8aa12372a5ea95197b8a99402aa0e6",
                "sha256:6e0696525500bc8aa12eae654095d2260db4dc95d5c35af2b486eae1bf914ccd",
                "sha256:75ff270fd05125dce3303e9216ccddc541a9e072d4fc764a9276d44dee87242b",
                "sha256:8039f5fe8030c43cd1732d9a234fdcbf4916fcc32e21745ca62e75023e4d4649",
                "sha256:84488516639c3c5e5c0e52f311fff94ebc45b56788c2a3bfe9cf8e75670f4de3",
                "sha256:84782c80a433d87530ae3f4b9ed58d4a57317d9918dfcc6a59115fa2d8731f2c",
                "sha256:8ddb38fb6ad96c2ef7468ff73ba5c6876b63b664eebb2c919c224261ae5e8378",
                "sha256:98b491976ed656be9445b79bc57ed21decf08a01aaaf5fdabf07c98c108111f6",
                "sha256:990e0f5e64bcbc6bdbd03774ecb72496224d13b664aa03afd1f9b171a3269272",
                "sha256:9b02e6039eafd75e029d8c58b7b1f3e450ca563ef1fe21c7e3e40b9936c8d03e",
                "sha256:a11b6199a0b9dc868990456a2667167d0ba096c5224f6258e452bfbe5a9742c5",
                "sha256:a414f8e14aa7bacfe1578f17c11d977e637d25383b6210587c29210af995ef04",
                "sha256:a91ee268f059583176c2c8b012a9fce7e49ca6b333a12bbc2dd01fc1a9783885",
                "sha256:ac991947ca6533ada4ce7095f0e28fe25d5b2f3266ad5b983ed4201e61596acf",
                "sha256:b050dbb96216db273b56f0e5960959c2b4cb679fe1e58a0c3906fa0a60c00662",
                "sha256:b97a807437b81f90f85022a9dcfd527deea38368a3979ccb49d93c9198b2c722",
                "sha256:bad269e442f1b7ffa3fa8820b3c3aa66f02a9f9455b5ba2db5a6f9eea96f56de",
                "sha256:bf3725d79b1ceb19e83fb1aed44095518c0fcff88fba06a76c0891cfd1f36837",
                "sha256:c0f22774cd8294078bdf7392ac73cf00bfa1e5e0ed644bd064fdabc5f2a2f481",
                "sha256:c1862f9f1031b1dee3ff00f1027fcd098ffc82120f43041fe67804b464bbd8a7",
                "sha256:c8d4ed48eed7414ccb2aaaecbc733ed2a84c299714eae3f0f48db085342d5629",
                "sha256:cf31e894dabb077a35bbe6963285d4515a387ff657bd25b0530c7168e48f167f",
                "sha256:d15cb6f8706678dc47fb4e4f8b339937b04eda48a0af1cca95f180db552e7663",
                "sha256:dfcb5a4056e161307d103bc013478892cfd919f1262c2bb8703220adcb986362",
                "sha256:e02780da03f84a671bb4205c5968c120f18df081236d7b5462b380fd4f0b497b",
                "sha256:e2002a59453858c7f3404690ae80f10c924a39f45f6095f18a985a1234c37334",
                "sha256:e22a82d2b416d9227a500c6860cf13e74060cf10e7daf6695cbf4e6a94e0eee4",
                "sha256:e41f72f225192d5d4df81dad2974a8943b0f2d664a2a5cfccdf5a01506f5523c",
                "sha256:f253dad38605486a4590f9368ecbace95865fea0f2b66615d121ac91fd1a1563",
                "sha256:fddfb31aa2ac550b938d952bca8a87f1db0f8dc930ffa14ce05b5c08d27e7fd1"
            ],
            "markers": "python_version >= '3.0'",
            "version": "==1.1.1"
        },
        "idna": {
            "hashes": [
                "sha256:14475042e284991034cb48e06f6851428fb14c4dc953acd9be9a5e95c7b6dd7a",
                "sha256:467fbad99067910785144ce333826c71fb0e63a425657295239737f7ecd125f3"
            ],
            "markers": "python_version >= '3.5'",
            "version": "==3.2"
        },
        "isort": {
            "hashes": [
                "sha256:9c2ea1e62d871267b78307fe511c0838ba0da28698c5732d54e2790bf3ba9899",
                "sha256:e17d6e2b81095c9db0a03a8025a957f334d6ea30b26f9ec70805411e5c7c81f2"
            ],
            "markers": "python_version < '4.0' and python_full_version >= '3.6.1'",
            "version": "==5.9.3"
        },
        "lazy-object-proxy": {
            "hashes": [
                "sha256:17e0967ba374fc24141738c69736da90e94419338fd4c7c7bef01ee26b339653",
                "sha256:1fee665d2638491f4d6e55bd483e15ef21f6c8c2095f235fef72601021e64f61",
                "sha256:22ddd618cefe54305df49e4c069fa65715be4ad0e78e8d252a33debf00f6ede2",
                "sha256:24a5045889cc2729033b3e604d496c2b6f588c754f7a62027ad4437a7ecc4837",
                "sha256:410283732af311b51b837894fa2f24f2c0039aa7f220135192b38fcc42bd43d3",
                "sha256:4732c765372bd78a2d6b2150a6e99d00a78ec963375f236979c0626b97ed8e43",
                "sha256:489000d368377571c6f982fba6497f2aa13c6d1facc40660963da62f5c379726",
                "sha256:4f60460e9f1eb632584c9685bccea152f4ac2130e299784dbaf9fae9f49891b3",
                "sha256:5743a5ab42ae40caa8421b320ebf3a998f89c85cdc8376d6b2e00bd12bd1b587",
                "sha256:85fb7608121fd5621cc4377a8961d0b32ccf84a7285b4f1d21988b2eae2868e8",
                "sha256:9698110e36e2df951c7c36b6729e96429c9c32b3331989ef19976592c5f3c77a",
                "sha256:9d397bf41caad3f489e10774667310d73cb9c4258e9aed94b9ec734b34b495fd",
                "sha256:b579f8acbf2bdd9ea200b1d5dea36abd93cabf56cf626ab9c744a432e15c815f",
                "sha256:b865b01a2e7f96db0c5d12cfea590f98d8c5ba64ad222300d93ce6ff9138bcad",
                "sha256:bf34e368e8dd976423396555078def5cfc3039ebc6fc06d1ae2c5a65eebbcde4",
                "sha256:c6938967f8528b3668622a9ed3b31d145fab161a32f5891ea7b84f6b790be05b",
                "sha256:d1c2676e3d840852a2de7c7d5d76407c772927addff8d742b9808fe0afccebdf",
                "sha256:d7124f52f3bd259f510651450e18e0fd081ed82f3c08541dffc7b94b883aa981",
                "sha256:d900d949b707778696fdf01036f58c9876a0d8bfe116e8d220cfd4b15f14e741",
                "sha256:ebfd274dcd5133e0afae738e6d9da4323c3eb021b3e13052d8cbd0e457b1256e",
                "sha256:ed361bb83436f117f9917d282a456f9e5009ea12fd6de8742d1a4752c3017e93",
                "sha256:f5144c75445ae3ca2057faac03fda5a902eff196702b0a24daf1d6ce0650514b"
            ],
            "markers": "python_version >= '2.7' and python_version not in '3.0, 3.1, 3.2, 3.3, 3.4, 3.5'",
            "version": "==1.6.0"
        },
        "marshmallow": {
            "hashes": [
                "sha256:c67929438fd73a2be92128caa0325b1b5ed8b626d91a094d2f7f2771bf1f1c0e",
                "sha256:dd4724335d3c2b870b641ffe4a2f8728a1380cd2e7e2312756715ffeaa82b842"
            ],
            "markers": "python_version >= '3.5'",
            "version": "==3.13.0"
        },
        "mccabe": {
            "hashes": [
                "sha256:ab8a6258860da4b6677da4bd2fe5dc2c659cff31b3ee4f7f5d64e79735b80d42",
                "sha256:dd8d182285a0fe56bace7f45b5e7d1a6ebcbf524e8f3bd87eb0f125271b8831f"
            ],
            "version": "==0.6.1"
        },
        "multidict": {
            "hashes": [
                "sha256:018132dbd8688c7a69ad89c4a3f39ea2f9f33302ebe567a879da8f4ca73f0d0a",
                "sha256:051012ccee979b2b06be928a6150d237aec75dd6bf2d1eeeb190baf2b05abc93",
                "sha256:05c20b68e512166fddba59a918773ba002fdd77800cad9f55b59790030bab632",
                "sha256:07b42215124aedecc6083f1ce6b7e5ec5b50047afa701f3442054373a6deb656",
                "sha256:0e3c84e6c67eba89c2dbcee08504ba8644ab4284863452450520dad8f1e89b79",
                "sha256:0e929169f9c090dae0646a011c8b058e5e5fb391466016b39d21745b48817fd7",
                "sha256:1ab820665e67373de5802acae069a6a05567ae234ddb129f31d290fc3d1aa56d",
                "sha256:25b4e5f22d3a37ddf3effc0710ba692cfc792c2b9edfb9c05aefe823256e84d5",
                "sha256:2e68965192c4ea61fff1b81c14ff712fc7dc15d2bd120602e4a3494ea6584224",
                "sha256:2f1a132f1c88724674271d636e6b7351477c27722f2ed789f719f9e3545a3d26",
                "sha256:37e5438e1c78931df5d3c0c78ae049092877e5e9c02dd1ff5abb9cf27a5914ea",
                "sha256:3a041b76d13706b7fff23b9fc83117c7b8fe8d5fe9e6be45eee72b9baa75f348",
                "sha256:3a4f32116f8f72ecf2a29dabfb27b23ab7cdc0ba807e8459e59a93a9be9506f6",
                "sha256:46c73e09ad374a6d876c599f2328161bcd95e280f84d2060cf57991dec5cfe76",
                "sha256:46dd362c2f045095c920162e9307de5ffd0a1bfbba0a6e990b344366f55a30c1",
                "sha256:4b186eb7d6ae7c06eb4392411189469e6a820da81447f46c0072a41c748ab73f",
                "sha256:54fd1e83a184e19c598d5e70ba508196fd0bbdd676ce159feb412a4a6664f952",
                "sha256:585fd452dd7782130d112f7ddf3473ffdd521414674c33876187e101b588738a",
                "sha256:5cf3443199b83ed9e955f511b5b241fd3ae004e3cb81c58ec10f4fe47c7dce37",
                "sha256:6a4d5ce640e37b0efcc8441caeea8f43a06addace2335bd11151bc02d2ee31f9",
                "sha256:7df80d07818b385f3129180369079bd6934cf70469f99daaebfac89dca288359",
                "sha256:806068d4f86cb06af37cd65821554f98240a19ce646d3cd24e1c33587f313eb8",
                "sha256:830f57206cc96ed0ccf68304141fec9481a096c4d2e2831f311bde1c404401da",
                "sha256:929006d3c2d923788ba153ad0de8ed2e5ed39fdbe8e7be21e2f22ed06c6783d3",
                "sha256:9436dc58c123f07b230383083855593550c4d301d2532045a17ccf6eca505f6d",
                "sha256:9dd6e9b1a913d096ac95d0399bd737e00f2af1e1594a787e00f7975778c8b2bf",
                "sha256:ace010325c787c378afd7f7c1ac66b26313b3344628652eacd149bdd23c68841",
                "sha256:b47a43177a5e65b771b80db71e7be76c0ba23cc8aa73eeeb089ed5219cdbe27d",
                "sha256:b797515be8743b771aa868f83563f789bbd4b236659ba52243b735d80b29ed93",
                "sha256:b7993704f1a4b204e71debe6095150d43b2ee6150fa4f44d6d966ec356a8d61f",
                "sha256:d5c65bdf4484872c4af3150aeebe101ba560dcfb34488d9a8ff8dbcd21079647",
                "sha256:d81eddcb12d608cc08081fa88d046c78afb1bf8107e6feab5d43503fea74a635",
                "sha256:dc862056f76443a0db4509116c5cd480fe1b6a2d45512a653f9a855cc0517456",
                "sha256:ecc771ab628ea281517e24fd2c52e8f31c41e66652d07599ad8818abaad38cda",
                "sha256:f200755768dc19c6f4e2b672421e0ebb3dd54c38d5a4f262b872d8cfcc9e93b5",
                "sha256:f21756997ad8ef815d8ef3d34edd98804ab5ea337feedcd62fb52d22bf531281",
                "sha256:fc13a9524bc18b6fb6e0dbec3533ba0496bbed167c56d0aabefd965584557d80"
            ],
            "markers": "python_version >= '3.6'",
            "version": "==5.1.0"
        },
        "mysql-connector-python": {
            "hashes": [
                "sha256:136630a0a7c52e84851fb8f622dee03b1b7e797b7f5639f3f4965825cdcd6567",
                "sha256:1d2be3287689aff582ec58e4b4f053a2fd097a73f3330138330408595824e5e1",
                "sha256:3da7a33da3ee28f0175dcac8084900e0e97ab28e2711129711d651acd8eb4241",
                "sha256:3f85fa406b74517daad49c584f068478941963d5cccc4a7a140d577b17f393fb",
                "sha256:4de9aab6fddc67ac105e576bf0b5a507795a13ce3bba6959f5c401885119c080",
                "sha256:547b16542fa7eae657c48bae0b126a5757cda5d1e8356139f4514f1cc6efbde3",
                "sha256:62e939c88a1be022b25023e5a4ba21472bfe563d2c3487c3286605d6ecc45214",
                "sha256:69c4071f3b397e862b7f4c8d7ad0c88417687fbaf308167f9f3e63bcf0f24f25",
                "sha256:7e053c818dff6dc42c1f40861918a377b2b60aa3987fed7e40587d2467881844",
                "sha256:84008628cfe6aca25eb2d7cef1c255b017dc32ad8b4a78e29089c0f2cd627820",
                "sha256:a139ecea8fa49df0aa9df71d4bf9c30ae250034b8f1580c7f9ba96d531920a1f",
                "sha256:b8659919b4d6973764de7bdcb8d2d9563fb5d7d5ed6386bc6fce494421455145",
                "sha256:c10e4f47f1ab04a17f6ab50e39dbf99c81c6213b89533b901ccca57c3e78ade6",
                "sha256:d822d0bfe171a7d4aec735f37e8a10dec13338f93ec3f879c90ef4c687c7c699",
                "sha256:eaaa4a41e8508bc0eee5c39f5bb4454cc6d091a332535e988d09746ab4428f3e",
                "sha256:f5fde784da884fe4f6f4734c0c356b6bf8f1a55fe770bc3ee0ded3d111f6123a",
                "sha256:fdbb4d0ecd326952eff557d6e597a1350a4f40c206f669dd2f8f487518ef7d0f"
            ],
            "index": "pypi",
            "version": "==8.0.26"
        },
        "protobuf": {
            "hashes": [
                "sha256:13ee7be3c2d9a5d2b42a1030976f760f28755fcf5863c55b1460fd205e6cd637",
                "sha256:145ce0af55c4259ca74993ddab3479c78af064002ec8227beb3d944405123c71",
                "sha256:14c1c9377a7ffbeaccd4722ab0aa900091f52b516ad89c4b0c3bb0a4af903ba5",
                "sha256:1556a1049ccec58c7855a78d27e5c6e70e95103b32de9142bae0576e9200a1b0",
                "sha256:26010f693b675ff5a1d0e1bdb17689b8b716a18709113288fead438703d45539",
                "sha256:2ae692bb6d1992afb6b74348e7bb648a75bb0d3565a3f5eea5bec8f62bd06d87",
                "sha256:2bfb815216a9cd9faec52b16fd2bfa68437a44b67c56bee59bc3926522ecb04e",
                "sha256:4ffbd23640bb7403574f7aff8368e2aeb2ec9a5c6306580be48ac59a6bac8bde",
                "sha256:59e5cf6b737c3a376932fbfb869043415f7c16a0cf176ab30a5bbc419cd709c1",
                "sha256:6902a1e4b7a319ec611a7345ff81b6b004b36b0d2196ce7a748b3493da3d226d",
                "sha256:6ce4d8bf0321e7b2d4395e253f8002a1a5ffbcfd7bcc0a6ba46712c07d47d0b4",
                "sha256:6d847c59963c03fd7a0cd7c488cadfa10cda4fff34d8bc8cba92935a91b7a037",
                "sha256:72804ea5eaa9c22a090d2803813e280fb273b62d5ae497aaf3553d141c4fdd7b",
                "sha256:7a4c97961e9e5b03a56f9a6c82742ed55375c4a25f2692b625d4087d02ed31b9",
                "sha256:85d6303e4adade2827e43c2b54114d9a6ea547b671cb63fafd5011dc47d0e13d",
                "sha256:8727ee027157516e2c311f218ebf2260a18088ffb2d29473e82add217d196b1c",
                "sha256:99938f2a2d7ca6563c0ade0c5ca8982264c484fdecf418bd68e880a7ab5730b1",
                "sha256:9b7a5c1022e0fa0dbde7fd03682d07d14624ad870ae52054849d8960f04bc764",
                "sha256:a22b3a0dbac6544dacbafd4c5f6a29e389a50e3b193e2c70dae6bbf7930f651d",
                "sha256:a38bac25f51c93e4be4092c88b2568b9f407c27217d3dd23c7a57fa522a17554",
                "sha256:a981222367fb4210a10a929ad5983ae93bd5a050a0824fc35d6371c07b78caf6",
                "sha256:ab6bb0e270c6c58e7ff4345b3a803cc59dbee19ddf77a4719c5b635f1d547aa8",
                "sha256:c56c050a947186ba51de4f94ab441d7f04fcd44c56df6e922369cc2e1a92d683",
                "sha256:e76d9686e088fece2450dbc7ee905f9be904e427341d289acbe9ad00b78ebd47",
                "sha256:ebcb546f10069b56dc2e3da35e003a02076aaa377caf8530fe9789570984a8d2",
                "sha256:f0e59430ee953184a703a324b8ec52f571c6c4259d496a19d1cabcdc19dabc62",
                "sha256:ffea251f5cd3c0b9b43c7a7a912777e0bc86263436a87c2555242a348817221b"
            ],
            "version": "==3.17.3"
        },
        "pylint": {
            "hashes": [
                "sha256:2e1a0eb2e8ab41d6b5dbada87f066492bb1557b12b76c47c2ee8aa8a11186594",
                "sha256:8b838c8983ee1904b2de66cce9d0b96649a91901350e956d78f289c3bc87b48e"
            ],
            "index": "pypi",
            "version": "==2.9.6"
        },
        "pymysql": {
            "hashes": [
                "sha256:41fc3a0c5013d5f039639442321185532e3e2c8924687abe6537de157d403641",
                "sha256:816927a350f38d56072aeca5dfb10221fe1dc653745853d30a216637f5d7ad36"
            ],
            "index": "pypi",
            "version": "==1.0.2"
        },
        "python-dotenv": {
            "hashes": [
                "sha256:aae25dc1ebe97c420f50b81fb0e5c949659af713f31fdb63c749ca68748f34b1",
                "sha256:f521bc2ac9a8e03c736f62911605c5d83970021e3fa95b37d769e2bbbe9b6172"
            ],
            "markers": "python_version >= '3.5'",
            "version": "==0.19.0"
        },
        "pytz": {
            "hashes": [
                "sha256:83a4a90894bf38e243cf052c8b58f381bfe9a7a483f6a9cab140bc7f702ac4da",
                "sha256:eb10ce3e7736052ed3623d49975ce333bcd712c7bb19a58b9e2089d4057d0798"
            ],
            "version": "==2021.1"
        },
        "six": {
            "hashes": [
                "sha256:1e61c37477a1626458e36f7b1d82aa5c9b094fa4802892072e49de9c60c4c926",
                "sha256:8abb2f1d86890a2dfb989f9a77cfcfd3e47c2a354b01111771326f8aa26e0254"
            ],
            "markers": "python_version >= '2.7' and python_version not in '3.0, 3.1, 3.2, 3.3'",
            "version": "==1.16.0"
        },
        "soupsieve": {
            "hashes": [
                "sha256:052774848f448cf19c7e959adf5566904d525f33a3f8b6ba6f6f8f26ec7de0cc",
                "sha256:c2c1c2d44f158cdbddab7824a9af8c4f83c76b1e23e049479aa432feb6c4c23b"
            ],
            "markers": "python_version >= '3.0'",
            "version": "==2.2.1"
        },
        "sqlalchemy": {
            "hashes": [
                "sha256:09dbb4bc01a734ccddbf188deb2a69aede4b3c153a72b6d5c6900be7fb2945b1",
                "sha256:12bac5fa1a6ea870bdccb96fe01610641dd44ebe001ed91ef7fcd980e9702db5",
                "sha256:1fdae7d980a2fa617d119d0dc13ecb5c23cc63a8b04ffcb5298f2c59d86851e9",
                "sha256:26daa429f039e29b1e523bf763bfab17490556b974c77b5ca7acb545b9230e9a",
                "sha256:36a089dc604032d41343d86290ce85d4e6886012eea73faa88001260abf5ff81",
                "sha256:39b5d36ab71f73c068cdcf70c38075511de73616e6c7fdd112d6268c2704d9f5",
                "sha256:4014978de28163cd8027434916a92d0f5bb1a3a38dff5e8bf8bff4d9372a9117",
                "sha256:44d23ea797a5e0be71bc5454b9ae99158ea0edc79e2393c6e9a2354de88329c0",
                "sha256:488608953385d6c127d2dcbc4b11f8d7f2f30b89f6bd27c01b042253d985cc2f",
                "sha256:5102b9face693e8b2db3b2539c7e1a5d9a5b4dc0d79967670626ffd2f710d6e6",
                "sha256:5908ea6c652a050d768580d01219c98c071e71910ab8e7b42c02af4010608397",
                "sha256:5d856cc50fd26fc8dd04892ed5a5a3d7eeb914fea2c2e484183e2d84c14926e0",
                "sha256:68393d3fd31469845b6ba11f5b4209edbea0b58506be0e077aafbf9aa2e21e11",
                "sha256:6a16c7c4452293da5143afa3056680db2d187b380b3ef4d470d4e29885720de3",
                "sha256:756f5d2f5b92d27450167247fb574b09c4cd192a3f8c2e493b3e518a204ee543",
                "sha256:891927a49b2363a4199763a9d436d97b0b42c65922a4ea09025600b81a00d17e",
                "sha256:9bfe882d5a1bbde0245dca0bd48da0976bd6634cf2041d2fdf0417c5463e40e5",
                "sha256:9fcbb4b4756b250ed19adc5e28c005b8ed56fdb5c21efa24c6822c0575b4964d",
                "sha256:a00d9c6d3a8afe1d1681cd8a5266d2f0ed684b0b44bada2ca82403b9e8b25d39",
                "sha256:a5e14cb0c0a4ac095395f24575a0e7ab5d1be27f5f9347f1762f21505e3ba9f1",
                "sha256:b48148ceedfb55f764562e04c00539bb9ea72bf07820ca15a594a9a049ff6b0e",
                "sha256:b7fb937c720847879c7402fe300cfdb2aeff22349fa4ea3651bca4e2d6555939",
                "sha256:bc34a007e604091ca3a4a057525efc4cefd2b7fe970f44d20b9cfa109ab1bddb",
                "sha256:c9373ef67a127799027091fa53449125351a8c943ddaa97bec4e99271dbb21f4",
                "sha256:d09a760b0a045b4d799102ae7965b5491ccf102123f14b2a8cc6c01d1021a2d9",
                "sha256:ec1be26cdccd60d180359a527d5980d959a26269a2c7b1b327a1eea0cab37ed8",
                "sha256:eedd76f135461cf237534a6dc0d1e0f6bb88a1dc193678fab48a11d223462da5",
                "sha256:f028ef6a1d828bc754852a022b2160e036202ac8658a6c7d34875aafd14a9a15",
                "sha256:f814d80844969b0d22ea63663da4de5ca1c434cfbae226188901e5d368792c17",
                "sha256:fd2102a8f8a659522719ed73865dff3d3cc76eb0833039dc473e0ad3041d04be"
            ],
            "index": "pypi",
            "version": "==1.4.22"
        },
        "toml": {
            "hashes": [
                "sha256:806143ae5bfb6a3c6e736a764057db0e6a0e05e338b5630894a5f779cabb4f9b",
                "sha256:b3bda1d108d5dd99f4a20d24d9c348e91c4db7ab1b749200bded2f839ccbe68f"
            ],
            "markers": "python_version >= '2.6' and python_version not in '3.0, 3.1, 3.2, 3.3'",
            "version": "==0.10.2"
        },
        "typing-extensions": {
            "hashes": [
                "sha256:0ac0f89795dd19de6b97debb0c6af1c70987fd80a2d62d1958f7e56fcc31b497",
                "sha256:50b6f157849174217d0656f99dc82fe932884fb250826c18350e159ec6cdf342",
                "sha256:779383f6086d90c99ae41cf0ff39aac8a7937a9283ce0a414e5dd782f4c94a84"
            ],
            "version": "==3.10.0.0"
        },
        "wrapt": {
            "hashes": [
                "sha256:b62ffa81fb85f4332a4f609cab4ac40709470da05643a082ec1eb88e6d9b97d7"
            ],
            "version": "==1.12.1"
        },
        "yarl": {
            "hashes": [
                "sha256:00d7ad91b6583602eb9c1d085a2cf281ada267e9a197e8b7cae487dadbfa293e",
                "sha256:0355a701b3998dcd832d0dc47cc5dedf3874f966ac7f870e0f3a6788d802d434",
                "sha256:15263c3b0b47968c1d90daa89f21fcc889bb4b1aac5555580d74565de6836366",
                "sha256:2ce4c621d21326a4a5500c25031e102af589edb50c09b321049e388b3934eec3",
                "sha256:31ede6e8c4329fb81c86706ba8f6bf661a924b53ba191b27aa5fcee5714d18ec",
                "sha256:324ba3d3c6fee56e2e0b0d09bf5c73824b9f08234339d2b788af65e60040c959",
                "sha256:329412812ecfc94a57cd37c9d547579510a9e83c516bc069470db5f75684629e",
                "sha256:4736eaee5626db8d9cda9eb5282028cc834e2aeb194e0d8b50217d707e98bb5c",
                "sha256:4953fb0b4fdb7e08b2f3b3be80a00d28c5c8a2056bb066169de00e6501b986b6",
                "sha256:4c5bcfc3ed226bf6419f7a33982fb4b8ec2e45785a0561eb99274ebbf09fdd6a",
                "sha256:547f7665ad50fa8563150ed079f8e805e63dd85def6674c97efd78eed6c224a6",
                "sha256:5b883e458058f8d6099e4420f0cc2567989032b5f34b271c0827de9f1079a424",
                "sha256:63f90b20ca654b3ecc7a8d62c03ffa46999595f0167d6450fa8383bab252987e",
                "sha256:68dc568889b1c13f1e4745c96b931cc94fdd0defe92a72c2b8ce01091b22e35f",
                "sha256:69ee97c71fee1f63d04c945f56d5d726483c4762845400a6795a3b75d56b6c50",
                "sha256:6d6283d8e0631b617edf0fd726353cb76630b83a089a40933043894e7f6721e2",
                "sha256:72a660bdd24497e3e84f5519e57a9ee9220b6f3ac4d45056961bf22838ce20cc",
                "sha256:73494d5b71099ae8cb8754f1df131c11d433b387efab7b51849e7e1e851f07a4",
                "sha256:7356644cbed76119d0b6bd32ffba704d30d747e0c217109d7979a7bc36c4d970",
                "sha256:8a9066529240171b68893d60dca86a763eae2139dd42f42106b03cf4b426bf10",
                "sha256:8aa3decd5e0e852dc68335abf5478a518b41bf2ab2f330fe44916399efedfae0",
                "sha256:97b5bdc450d63c3ba30a127d018b866ea94e65655efaf889ebeabc20f7d12406",
                "sha256:9ede61b0854e267fd565e7527e2f2eb3ef8858b301319be0604177690e1a3896",
                "sha256:b2e9a456c121e26d13c29251f8267541bd75e6a1ccf9e859179701c36a078643",
                "sha256:b5dfc9a40c198334f4f3f55880ecf910adebdcb2a0b9a9c23c9345faa9185721",
                "sha256:bafb450deef6861815ed579c7a6113a879a6ef58aed4c3a4be54400ae8871478",
                "sha256:c49ff66d479d38ab863c50f7bb27dee97c6627c5fe60697de15529da9c3de724",
                "sha256:ce3beb46a72d9f2190f9e1027886bfc513702d748047b548b05dab7dfb584d2e",
                "sha256:d26608cf178efb8faa5ff0f2d2e77c208f471c5a3709e577a7b3fd0445703ac8",
                "sha256:d597767fcd2c3dc49d6eea360c458b65643d1e4dbed91361cf5e36e53c1f8c96",
                "sha256:d5c32c82990e4ac4d8150fd7652b972216b204de4e83a122546dce571c1bdf25",
                "sha256:d8d07d102f17b68966e2de0e07bfd6e139c7c02ef06d3a0f8d2f0f055e13bb76",
                "sha256:e46fba844f4895b36f4c398c5af062a9808d1f26b2999c58909517384d5deda2",
                "sha256:e6b5460dc5ad42ad2b36cca524491dfcaffbfd9c8df50508bddc354e787b8dc2",
                "sha256:f040bcc6725c821a4c0665f3aa96a4d0805a7aaf2caf266d256b8ed71b9f041c",
                "sha256:f0b059678fd549c66b89bed03efcabb009075bd131c248ecdf087bdb6faba24a",
                "sha256:fcbb48a93e8699eae920f8d92f7160c03567b421bc17362a9ffbbd706a816f71"
            ],
            "markers": "python_version >= '3.6'",
            "version": "==1.6.3"
        }
    },
    "develop": {}
}
